
Microsoft Visual Studio Solution File, Format Version 12.00
# Visual Studio Version 16
VisualStudioVersion = 16.0.30114.105
MinimumVisualStudioVersion = 10.0.40219.1
Project("{FAE04EC0-301F-11D3-BF4B-00C04F79EFBC}") = "Block 1", "Block 1\Block 1.csproj", "{A3449F7E-8C2B-4BC3-93EF-BDC944A14D25}"
EndProject
Project("{FAE04EC0-301F-11D3-BF4B-00C04F79EFBC}") = "Block 2", "Block 2\Block 2.csproj", "{DE5C59DD-5048-4210-9E08-06230BEEBD2A}"
EndProject
Project("{FAE04EC0-301F-11D3-BF4B-00C04F79EFBC}") = "MyFunctions", "MyMath\MyFunctions.csproj", "{A242E8F0-8009-4EE7-98B8-6C85244FBFA8}"
EndProject
Project("{FAE04EC0-301F-11D3-BF4B-00C04F79EFBC}") = "Block 3", "Block 3\Block 3.csproj", "{57C2354B-9A04-4C81-ACC5-C8FD9C3A7AAB}"
EndProject
Project("{FAE04EC0-301F-11D3-BF4B-00C04F79EFBC}") = "Block 4", "Block 4\Block 4.csproj", "{FA143457-CC51-4AC7-BD04-0BA23A61BD91}"
EndProject
Project("{FAE04EC0-301F-11D3-BF4B-00C04F79EFBC}") = "Block 6", "Block 5\Block 6.csproj", "{6D066665-B72D-4D39-9003-DA2854105026}"
EndProject
Project("{FAE04EC0-301F-11D3-BF4B-00C04F79EFBC}") = "Block 5", "Block 6\Block 5.csproj", "{5A9D0536-F64A-49E0-BA26-1126424C7822}"
EndProject
Project("{FAE04EC0-301F-11D3-BF4B-00C04F79EFBC}") = "Block 7", "Block 7\Block 7.csproj", "{547D4007-B82B-40A2-AB03-4E9B755CAA52}"
EndProject
Global
	GlobalSection(SolutionConfigurationPlatforms) = preSolution
		Debug|Any CPU = Debug|Any CPU
		Release|Any CPU = Release|Any CPU
	EndGlobalSection
	GlobalSection(ProjectConfigurationPlatforms) = postSolution
		{A3449F7E-8C2B-4BC3-93EF-BDC944A14D25}.Debug|Any CPU.ActiveCfg = Debug|Any CPU
		{A3449F7E-8C2B-4BC3-93EF-BDC944A14D25}.Debug|Any CPU.Build.0 = Debug|Any CPU
		{A3449F7E-8C2B-4BC3-93EF-BDC944A14D25}.Release|Any CPU.ActiveCfg = Release|Any CPU
		{A3449F7E-8C2B-4BC3-93EF-BDC944A14D25}.Release|Any CPU.Build.0 = Release|Any CPU
		{DE5C59DD-5048-4210-9E08-06230BEEBD2A}.Debug|Any CPU.ActiveCfg = Debug|Any CPU
		{DE5C59DD-5048-4210-9E08-06230BEEBD2A}.Debug|Any CPU.Build.0 = Debug|Any CPU
		{DE5C59DD-5048-4210-9E08-06230BEEBD2A}.Release|Any CPU.ActiveCfg = Release|Any CPU
		{DE5C59DD-5048-4210-9E08-06230BEEBD2A}.Release|Any CPU.Build.0 = Release|Any CPU
		{A242E8F0-8009-4EE7-98B8-6C85244FBFA8}.Debug|Any CPU.ActiveCfg = Debug|Any CPU
		{A242E8F0-8009-4EE7-98B8-6C85244FBFA8}.Debug|Any CPU.Build.0 = Debug|Any CPU
		{A242E8F0-8009-4EE7-98B8-6C85244FBFA8}.Release|Any CPU.ActiveCfg = Release|Any CPU
		{A242E8F0-8009-4EE7-98B8-6C85244FBFA8}.Release|Any CPU.Build.0 = Release|Any CPU
		{57C2354B-9A04-4C81-ACC5-C8FD9C3A7AAB}.Debug|Any CPU.ActiveCfg = Debug|Any CPU
		{57C2354B-9A04-4C81-ACC5-C8FD9C3A7AAB}.Debug|Any CPU.Build.0 = Debug|Any CPU
		{57C2354B-9A04-4C81-ACC5-C8FD9C3A7AAB}.Release|Any CPU.ActiveCfg = Release|Any CPU
		{57C2354B-9A04-4C81-ACC5-C8FD9C3A7AAB}.Release|Any CPU.Build.0 = Release|Any CPU
		{FA143457-CC51-4AC7-BD04-0BA23A61BD91}.Debug|Any CPU.ActiveCfg = Debug|Any CPU
		{FA143457-CC51-4AC7-BD04-0BA23A61BD91}.Debug|Any CPU.Build.0 = Debug|Any CPU
		{FA143457-CC51-4AC7-BD04-0BA23A61BD91}.Release|Any CPU.ActiveCfg = Release|Any CPU
		{FA143457-CC51-4AC7-BD04-0BA23A61BD91}.Release|Any CPU.Build.0 = Release|Any CPU
		{6D066665-B72D-4D39-9003-DA2854105026}.Debug|Any CPU.ActiveCfg = Debug|Any CPU
		{6D066665-B72D-4D39-9003-DA2854105026}.Debug|Any CPU.Build.0 = Debug|Any CPU
		{6D066665-B72D-4D39-9003-DA2854105026}.Release|Any CPU.ActiveCfg = Release|Any CPU
		{6D066665-B72D-4D39-9003-DA2854105026}.Release|Any CPU.Build.0 = Release|Any CPU
		{5A9D0536-F64A-49E0-BA26-1126424C7822}.Debug|Any CPU.ActiveCfg = Debug|Any CPU
		{5A9D0536-F64A-49E0-BA26-1126424C7822}.Debug|Any CPU.Build.0 = Debug|Any CPU
		{5A9D0536-F64A-49E0-BA26-1126424C7822}.Release|Any CPU.ActiveCfg = Release|Any CPU
		{5A9D0536-F64A-49E0-BA26-1126424C7822}.Release|Any CPU.Build.0 = Release|Any CPU
		{547D4007-B82B-40A2-AB03-4E9B755CAA52}.Debug|Any CPU.ActiveCfg = Debug|Any CPU
		{547D4007-B82B-40A2-AB03-4E9B755CAA52}.Debug|Any CPU.Build.0 = Debug|Any CPU
		{547D4007-B82B-40A2-AB03-4E9B755CAA52}.Release|Any CPU.ActiveCfg = Release|Any CPU
		{547D4007-B82B-40A2-AB03-4E9B755CAA52}.Release|Any CPU.Build.0 = Release|Any CPU
	EndGlobalSection
	GlobalSection(SolutionProperties) = preSolution
		HideSolutionNode = FALSE
	EndGlobalSection
	GlobalSection(ExtensibilityGlobals) = postSolution
		SolutionGuid = {C3103A95-C470-4FCE-A284-76DAD06FCA94}
	EndGlobalSection
EndGlobal
