
Microsoft Visual Studio Solution File, Format Version 12.00
# Visual Studio Version 16
VisualStudioVersion = 16.0.30114.105
MinimumVisualStudioVersion = 10.0.40219.1
Project("{FAE04EC0-301F-11D3-BF4B-00C04F79EFBC}") = "Block 1", "Block 1\Block 1.csproj", "{A3449F7E-8C2B-4BC3-93EF-BDC944A14D25}"
EndProject
Project("{FAE04EC0-301F-11D3-BF4B-00C04F79EFBC}") = "Block 2", "Block 2\Block 2.csproj", "{DE5C59DD-5048-4210-9E08-06230BEEBD2A}"
EndProject
Project("{FAE04EC0-301F-11D3-BF4B-00C04F79EFBC}") = "MyFunctions", "MyMath\MyFunctions.csproj", "{A242E8F0-8009-4EE7-98B8-6C85244FBFA8}"
EndProject
Project("{FAE04EC0-301F-11D3-BF4B-00C04F79EFBC}") = "Block 3", "Block 3\Block 3.csproj", "{57C2354B-9A04-4C81-ACC5-C8FD9C3A7AAB}"
EndProject
Global
	GlobalSection(SolutionConfigurationPlatforms) = preSolution
		Debug|Any CPU = Debug|Any CPU
		Release|Any CPU = Release|Any CPU
	EndGlobalSection
	GlobalSection(ProjectConfigurationPlatforms) = postSolution
		{A3449F7E-8C2B-4BC3-93EF-BDC944A14D25}.Debug|Any CPU.ActiveCfg = Debug|Any CPU
		{A3449F7E-8C2B-4BC3-93EF-BDC944A14D25}.Debug|Any CPU.Build.0 = Debug|Any CPU
		{A3449F7E-8C2B-4BC3-93EF-BDC944A14D25}.Release|Any CPU.ActiveCfg = Release|Any CPU
		{A3449F7E-8C2B-4BC3-93EF-BDC944A14D25}.Release|Any CPU.Build.0 = Release|Any CPU
		{DE5C59DD-5048-4210-9E08-06230BEEBD2A}.Debug|Any CPU.ActiveCfg = Debug|Any CPU
		{DE5C59DD-5048-4210-9E08-06230BEEBD2A}.Debug|Any CPU.Build.0 = Debug|Any CPU
		{DE5C59DD-5048-4210-9E08-06230BEEBD2A}.Release|Any CPU.ActiveCfg = Release|Any CPU
		{DE5C59DD-5048-4210-9E08-06230BEEBD2A}.Release|Any CPU.Build.0 = Release|Any CPU
		{A242E8F0-8009-4EE7-98B8-6C85244FBFA8}.Debug|Any CPU.ActiveCfg = Debug|Any CPU
		{A242E8F0-8009-4EE7-98B8-6C85244FBFA8}.Debug|Any CPU.Build.0 = Debug|Any CPU
		{A242E8F0-8009-4EE7-98B8-6C85244FBFA8}.Release|Any CPU.ActiveCfg = Release|Any CPU
		{A242E8F0-8009-4EE7-98B8-6C85244FBFA8}.Release|Any CPU.Build.0 = Release|Any CPU
		{57C2354B-9A04-4C81-ACC5-C8FD9C3A7AAB}.Debug|Any CPU.ActiveCfg = Debug|Any CPU
		{57C2354B-9A04-4C81-ACC5-C8FD9C3A7AAB}.Debug|Any CPU.Build.0 = Debug|Any CPU
		{57C2354B-9A04-4C81-ACC5-C8FD9C3A7AAB}.Release|Any CPU.ActiveCfg = Release|Any CPU
		{57C2354B-9A04-4C81-ACC5-C8FD9C3A7AAB}.Release|Any CPU.Build.0 = Release|Any CPU
	EndGlobalSection
	GlobalSection(SolutionProperties) = preSolution
		HideSolutionNode = FALSE
	EndGlobalSection
	GlobalSection(ExtensibilityGlobals) = postSolution
		SolutionGuid = {C3103A95-C470-4FCE-A284-76DAD06FCA94}
	EndGlobalSection
EndGlobal
